
Microsoft Visual Studio Solution File, Format Version 12.00
# Visual Studio Version 16
VisualStudioVersion = 16.0.31112.23
MinimumVisualStudioVersion = 10.0.40219.1
Project("{2150E333-8FDC-42A3-9474-1A3956D46DE8}") = "Chapter02", "Chapter02", "{4B31741C-80A9-4AD2-83BA-EB37CF2D9179}"
EndProject
Project("{FAE04EC0-301F-11D3-BF4B-00C04F79EFBC}") = "DistanceConverter", "DistanceConverter\DistanceConverter.csproj", "{8DBFB5E9-5082-4EA4-B7AA-6F227CAADDCB}"
EndProject
Project("{FAE04EC0-301F-11D3-BF4B-00C04F79EFBC}") = "SalesCalculator", "SalesCalculator\SalesCalculator.csproj", "{23F93CA3-765A-4D05-95DF-AAB2685751A2}"
EndProject
Project("{FAE04EC0-301F-11D3-BF4B-00C04F79EFBC}") = "Exercise1", "Exercise1\Exercise1.csproj", "{49F9E024-9033-4DC6-BEE2-668098C96361}"
EndProject
Project("{2150E333-8FDC-42A3-9474-1A3956D46DE8}") = "Exercise", "Exercise", "{1B008DB8-7831-46CE-9DF9-664B329C4BF2}"
EndProject
Project("{FAE04EC0-301F-11D3-BF4B-00C04F79EFBC}") = "Exercise2", "Exercise2\Exercise2.csproj", "{3153BB70-4B83-44AC-9116-39327BF16CB7}"
EndProject
Global
	GlobalSection(SolutionConfigurationPlatforms) = preSolution
		Debug|Any CPU = Debug|Any CPU
		Release|Any CPU = Release|Any CPU
	EndGlobalSection
	GlobalSection(ProjectConfigurationPlatforms) = postSolution
		{8DBFB5E9-5082-4EA4-B7AA-6F227CAADDCB}.Debug|Any CPU.ActiveCfg = Debug|Any CPU
		{8DBFB5E9-5082-4EA4-B7AA-6F227CAADDCB}.Debug|Any CPU.Build.0 = Debug|Any CPU
		{8DBFB5E9-5082-4EA4-B7AA-6F227CAADDCB}.Release|Any CPU.ActiveCfg = Release|Any CPU
		{8DBFB5E9-5082-4EA4-B7AA-6F227CAADDCB}.Release|Any CPU.Build.0 = Release|Any CPU
		{23F93CA3-765A-4D05-95DF-AAB2685751A2}.Debug|Any CPU.ActiveCfg = Debug|Any CPU
		{23F93CA3-765A-4D05-95DF-AAB2685751A2}.Debug|Any CPU.Build.0 = Debug|Any CPU
		{23F93CA3-765A-4D05-95DF-AAB2685751A2}.Release|Any CPU.ActiveCfg = Release|Any CPU
		{23F93CA3-765A-4D05-95DF-AAB2685751A2}.Release|Any CPU.Build.0 = Release|Any CPU
		{49F9E024-9033-4DC6-BEE2-668098C96361}.Debug|Any CPU.ActiveCfg = Debug|Any CPU
		{49F9E024-9033-4DC6-BEE2-668098C96361}.Debug|Any CPU.Build.0 = Debug|Any CPU
		{49F9E024-9033-4DC6-BEE2-668098C96361}.Release|Any CPU.ActiveCfg = Release|Any CPU
		{49F9E024-9033-4DC6-BEE2-668098C96361}.Release|Any CPU.Build.0 = Release|Any CPU
		{3153BB70-4B83-44AC-9116-39327BF16CB7}.Debug|Any CPU.ActiveCfg = Debug|Any CPU
		{3153BB70-4B83-44AC-9116-39327BF16CB7}.Debug|Any CPU.Build.0 = Debug|Any CPU
		{3153BB70-4B83-44AC-9116-39327BF16CB7}.Release|Any CPU.ActiveCfg = Release|Any CPU
		{3153BB70-4B83-44AC-9116-39327BF16CB7}.Release|Any CPU.Build.0 = Release|Any CPU
	EndGlobalSection
	GlobalSection(SolutionProperties) = preSolution
		HideSolutionNode = FALSE
	EndGlobalSection
	GlobalSection(NestedProjects) = preSolution
		{8DBFB5E9-5082-4EA4-B7AA-6F227CAADDCB} = {4B31741C-80A9-4AD2-83BA-EB37CF2D9179}
		{23F93CA3-765A-4D05-95DF-AAB2685751A2} = {4B31741C-80A9-4AD2-83BA-EB37CF2D9179}
		{49F9E024-9033-4DC6-BEE2-668098C96361} = {1B008DB8-7831-46CE-9DF9-664B329C4BF2}
		{1B008DB8-7831-46CE-9DF9-664B329C4BF2} = {4B31741C-80A9-4AD2-83BA-EB37CF2D9179}
		{3153BB70-4B83-44AC-9116-39327BF16CB7} = {1B008DB8-7831-46CE-9DF9-664B329C4BF2}
	EndGlobalSection
	GlobalSection(ExtensibilityGlobals) = postSolution
		SolutionGuid = {4A51FCBD-E7D8-494C-9587-1C62A44B9232}
	EndGlobalSection
EndGlobal
