
Microsoft Visual Studio Solution File, Format Version 12.00
# Visual Studio Version 16
VisualStudioVersion = 16.0.31112.23
MinimumVisualStudioVersion = 10.0.40219.1
Project("{2150E333-8FDC-42A3-9474-1A3956D46DE8}") = "Chapter02", "Chapter02", "{4B31741C-80A9-4AD2-83BA-EB37CF2D9179}"
EndProject
Project("{FAE04EC0-301F-11D3-BF4B-00C04F79EFBC}") = "DistanceConverter", "DistanceConverter\DistanceConverter.csproj", "{8DBFB5E9-5082-4EA4-B7AA-6F227CAADDCB}"
EndProject
Project("{FAE04EC0-301F-11D3-BF4B-00C04F79EFBC}") = "SalesCalculator", "SalesCalculator\SalesCalculator.csproj", "{23F93CA3-765A-4D05-95DF-AAB2685751A2}"
EndProject
Project("{FAE04EC0-301F-11D3-BF4B-00C04F79EFBC}") = "Exercise1", "Exercise1\Exercise1.csproj", "{49F9E024-9033-4DC6-BEE2-668098C96361}"
EndProject
Project("{2150E333-8FDC-42A3-9474-1A3956D46DE8}") = "Exercise", "Exercise", "{1B008DB8-7831-46CE-9DF9-664B329C4BF2}"
EndProject
Project("{FAE04EC0-301F-11D3-BF4B-00C04F79EFBC}") = "Exercise2", "Exercise2\Exercise2.csproj", "{3153BB70-4B83-44AC-9116-39327BF16CB7}"
EndProject
Project("{FAE04EC0-301F-11D3-BF4B-00C04F79EFBC}") = "Exercise3", "Exercise3\Exercise3.csproj", "{8E44132E-8DD6-4F70-9283-61163B0313E9}"
EndProject
Project("{2150E333-8FDC-42A3-9474-1A3956D46DE8}") = "Chapter03", "Chapter03", "{32D5B90C-2297-4F65-A809-80E252E20A59}"
EndProject
Project("{FAE04EC0-301F-11D3-BF4B-00C04F79EFBC}") = "Section01", "Section01\Section01.csproj", "{2AA4460D-9297-4CBB-8E57-114C2B6B5E6F}"
EndProject
Project("{FAE04EC0-301F-11D3-BF4B-00C04F79EFBC}") = "Section01", "Chapter04\Section01\Section01.csproj", "{24C2CE40-0260-483A-B577-31FFA3A4052C}"
EndProject
Project("{2150E333-8FDC-42A3-9474-1A3956D46DE8}") = "Chapter04", "Chapter04", "{98F6CA93-0EB1-47AF-A39D-F82A836FE6E9}"
EndProject
Project("{FAE04EC0-301F-11D3-BF4B-00C04F79EFBC}") = "Exercise1", "Chapter04\Exercise\Exercise1\Exercise1.csproj", "{F3140014-82F3-4864-840E-B968293618D5}"
EndProject
Project("{2150E333-8FDC-42A3-9474-1A3956D46DE8}") = "Exercise", "Exercise", "{7C65D176-3FCB-4219-94C9-9C16E63A2C1B}"
EndProject
Project("{FAE04EC0-301F-11D3-BF4B-00C04F79EFBC}") = "Exercise2", "Chapter04\Exercise\Exercise2\Exercise2.csproj", "{D83A4CF5-3592-41EF-B24A-33E11605979F}"
EndProject
Project("{FAE04EC0-301F-11D3-BF4B-00C04F79EFBC}") = "Exercise1", "Chapter05\Exercise1\Exercise1.csproj", "{C5884774-3B4A-4767-8BC6-418501699490}"
EndProject
Project("{2150E333-8FDC-42A3-9474-1A3956D46DE8}") = "Chapter05", "Chapter05", "{D753D51E-32D4-4755-84CF-FBDBACEC59EE}"
EndProject
Project("{FAE04EC0-301F-11D3-BF4B-00C04F79EFBC}") = "Test01", "TestProject\Test01\Test01.csproj", "{2BFACDC3-F44D-4199-8498-F5C3C4AC0335}"
EndProject
Project("{FAE04EC0-301F-11D3-BF4B-00C04F79EFBC}") = "Test02", "TestProject\Test02\Test02.csproj", "{E461C0A8-8900-485C-B520-E929BA33F712}"
EndProject
Project("{FAE04EC0-301F-11D3-BF4B-00C04F79EFBC}") = "Exercise2", "Chapter05\Exercise2\Exercise2.csproj", "{222D9877-D408-4ADE-8111-9668E6150AFC}"
EndProject
Project("{FAE04EC0-301F-11D3-BF4B-00C04F79EFBC}") = "Exercise3", "Chapter05\Exercise3\Exercise3.csproj", "{F5C64415-E2F2-430E-86B3-439C0986A03A}"
EndProject
Project("{2150E333-8FDC-42A3-9474-1A3956D46DE8}") = "Test", "Test", "{646D0A45-4677-4E44-A1A8-759B1E5DD4AE}"
EndProject
Project("{FAE04EC0-301F-11D3-BF4B-00C04F79EFBC}") = "Section01", "Chapter06\Section01\Section01.csproj", "{85295D8A-EEE9-4997-9F28-62104C104A0A}"
EndProject
Project("{2150E333-8FDC-42A3-9474-1A3956D46DE8}") = "Chapter06", "Chapter06", "{E555DBE3-E42F-46F3-9771-373F31349840}"
EndProject
Project("{FAE04EC0-301F-11D3-BF4B-00C04F79EFBC}") = "Exercise1", "Chapter06\Exercise\Exercise1\Exercise1.csproj", "{8289E002-4A00-4FF0-BF7C-60A82893394A}"
EndProject
Project("{2150E333-8FDC-42A3-9474-1A3956D46DE8}") = "Exercise", "Exercise", "{C015A066-C9FE-4DD8-B437-9F0FF232B056}"
EndProject
Project("{FAE04EC0-301F-11D3-BF4B-00C04F79EFBC}") = "Exercise2", "Chapter06\Exercise\Exercise2\Exercise2.csproj", "{81289A12-16C5-41E2-9D74-8525688C5197}"
EndProject
Project("{FAE04EC0-301F-11D3-BF4B-00C04F79EFBC}") = "Exercise1", "Chapter07\Exercise1\Exercise1.csproj", "{FDC6657E-093D-4FC9-9099-9A7B6CFEB7FE}"
EndProject
Project("{2150E333-8FDC-42A3-9474-1A3956D46DE8}") = "Chapter07", "Chapter07", "{40F67343-53F5-4EA1-85B2-B35438241BDC}"
EndProject
Project("{2150E333-8FDC-42A3-9474-1A3956D46DE8}") = "Chapter08", "Chapter08", "{83D96B1B-4D45-4182-8A9E-0984D329BAD2}"
EndProject
Project("{FAE04EC0-301F-11D3-BF4B-00C04F79EFBC}") = "Exercise1", "Chapter08\Exercise1\Exercise1.csproj", "{3DB2FB80-07FF-4E06-8CDC-8BDDE63D58E2}"
EndProject
Project("{2150E333-8FDC-42A3-9474-1A3956D46DE8}") = "Exercise", "Exercise", "{5527D1C0-259B-44CC-B7FB-490E0AD93CEF}"
EndProject
Project("{FAE04EC0-301F-11D3-BF4B-00C04F79EFBC}") = "Exercise1", "Chapter08\Exercise\Exercise1\Exercise1.csproj", "{60882B4C-FBA6-436C-82A7-163EA017AA89}"
EndProject
Project("{FAE04EC0-301F-11D3-BF4B-00C04F79EFBC}") = "StopWatch", "Chapter08\StopWatch\StopWatch.csproj", "{D8EC0F16-D80E-45B0-882E-3632080B4206}"
EndProject
Project("{2150E333-8FDC-42A3-9474-1A3956D46DE8}") = "CarReportSystem", "CarReportSystem", "{F5799AFD-6831-40C9-8659-483DE4BACB72}"
EndProject
Project("{FAE04EC0-301F-11D3-BF4B-00C04F79EFBC}") = "CarReportSystem", "CarReportSystem\CarReportSystem\CarReportSystem.csproj", "{2FDA4271-1C9D-4A08-8C9D-D361A972D573}"
EndProject
Project("{FAE04EC0-301F-11D3-BF4B-00C04F79EFBC}") = "Exercise1", "Chapter09\Exercise1\Exercise1.csproj", "{AFB4BD58-4448-48F6-A648-986D225018F2}"
EndProject
Project("{2150E333-8FDC-42A3-9474-1A3956D46DE8}") = "Chapter09", "Chapter09", "{90AA0183-026E-4A0A-B452-553058DCC073}"
EndProject
Project("{FAE04EC0-301F-11D3-BF4B-00C04F79EFBC}") = "Exercise2", "Chapter09\Exercise2\Exercise2.csproj", "{F37B6628-792E-4594-9B58-3D30C7590486}"
EndProject
Project("{FAE04EC0-301F-11D3-BF4B-00C04F79EFBC}") = "Exercise3", "Chapter09\Exercise3\Exercise3.csproj", "{9EC0DD24-EBC9-4FBA-B257-BD0CEEE53E49}"
EndProject
Project("{FAE04EC0-301F-11D3-BF4B-00C04F79EFBC}") = "Sample0823", "Sample0823\Sample0823.csproj", "{B7362984-2F2A-48BD-A3B8-2EAC5D821AF1}"
EndProject
Project("{FAE04EC0-301F-11D3-BF4B-00C04F79EFBC}") = "Section01", "Chapter11\Section01\Section01.csproj", "{79FE56E3-8BC9-481C-ABB1-056F9D3267F1}"
EndProject
Project("{2150E333-8FDC-42A3-9474-1A3956D46DE8}") = "Chapter11", "Chapter11", "{D9D4D77E-61EF-4DA4-9A27-8B91E637581E}"
EndProject
Project("{FAE04EC0-301F-11D3-BF4B-00C04F79EFBC}") = "Exercise1", "Chapter11\Exercise1\Exercise1.csproj", "{9C81A502-2794-425C-B964-903BF0845E54}"
EndProject
Project("{FAE04EC0-301F-11D3-BF4B-00C04F79EFBC}") = "Section02", "Chapter11\Section02\Section02.csproj", "{541E6085-85DA-4CDA-8E01-A1ECE82CFFA2}"
EndProject
Project("{2150E333-8FDC-42A3-9474-1A3956D46DE8}") = "Chapter14", "Chapter14", "{0E31B0E3-E2B0-4E05-94F8-6C2B2DCB2ED4}"
EndProject
Project("{FAE04EC0-301F-11D3-BF4B-00C04F79EFBC}") = "Section04", "Chapter14\ConsoleApp1\Section04.csproj", "{C9060C30-098F-4CE2-9C0A-8B668A86392F}"
EndProject
Project("{2150E333-8FDC-42A3-9474-1A3956D46DE8}") = "WeatherApp", "WeatherApp", "{10B80734-7575-46A0-B7E1-2B0904CEF192}"
EndProject
Project("{2150E333-8FDC-42A3-9474-1A3956D46DE8}") = "RssReader", "RssReader", "{B1160FDD-F9B9-4848-BE07-631DA1091B74}"
EndProject
Project("{FAE04EC0-301F-11D3-BF4B-00C04F79EFBC}") = "RssReader", "RssReader\RssReader\RssReader.csproj", "{555A3AA0-F2B1-4498-8F30-DCA729865260}"
EndProject
Project("{2150E333-8FDC-42A3-9474-1A3956D46DE8}") = "SendMail", "SendMail", "{37389A4C-0F2B-43E1-836D-1FDF589958A6}"
EndProject
Project("{FAE04EC0-301F-11D3-BF4B-00C04F79EFBC}") = "SendMail", "SendMail\SendMail\SendMail.csproj", "{1DE6512D-780B-40C8-9109-4580019A6D6A}"
EndProject
Project("{FAE04EC0-301F-11D3-BF4B-00C04F79EFBC}") = "Section04_Json", "Chapter14\Section04_Json\Section04_Json.csproj", "{EBFEF747-D2A0-46AB-A205-48FFABEF41D0}"
EndProject
Project("{FAE04EC0-301F-11D3-BF4B-00C04F79EFBC}") = "SampleEntityFramework", "EntityFramework\SampleEntityFramework\SampleEntityFramework.csproj", "{2FBBCD11-AE00-4E07-BAE9-56CC01E246E5}"
EndProject
Project("{2150E333-8FDC-42A3-9474-1A3956D46DE8}") = "Chapter13", "Chapter13", "{5BA5E6D0-8B2B-424E-BE74-BF73E15EA93E}"
EndProject
Project("{2150E333-8FDC-42A3-9474-1A3956D46DE8}") = "ADO.NET", "ADO.NET", "{C2CCF91F-536B-47E9-95DC-594A5141F5EF}"
EndProject
Project("{FAE04EC0-301F-11D3-BF4B-00C04F79EFBC}") = "AddresBook", "ADO.NET\AddresBook\AddresBook.csproj", "{F8C5A5E4-3209-4349-A484-9373B2C88308}"
EndProject
Global
	GlobalSection(SolutionConfigurationPlatforms) = preSolution
		Debug|Any CPU = Debug|Any CPU
		Release|Any CPU = Release|Any CPU
	EndGlobalSection
	GlobalSection(ProjectConfigurationPlatforms) = postSolution
		{8DBFB5E9-5082-4EA4-B7AA-6F227CAADDCB}.Debug|Any CPU.ActiveCfg = Debug|Any CPU
		{8DBFB5E9-5082-4EA4-B7AA-6F227CAADDCB}.Debug|Any CPU.Build.0 = Debug|Any CPU
		{8DBFB5E9-5082-4EA4-B7AA-6F227CAADDCB}.Release|Any CPU.ActiveCfg = Release|Any CPU
		{8DBFB5E9-5082-4EA4-B7AA-6F227CAADDCB}.Release|Any CPU.Build.0 = Release|Any CPU
		{23F93CA3-765A-4D05-95DF-AAB2685751A2}.Debug|Any CPU.ActiveCfg = Debug|Any CPU
		{23F93CA3-765A-4D05-95DF-AAB2685751A2}.Debug|Any CPU.Build.0 = Debug|Any CPU
		{23F93CA3-765A-4D05-95DF-AAB2685751A2}.Release|Any CPU.ActiveCfg = Release|Any CPU
		{23F93CA3-765A-4D05-95DF-AAB2685751A2}.Release|Any CPU.Build.0 = Release|Any CPU
		{49F9E024-9033-4DC6-BEE2-668098C96361}.Debug|Any CPU.ActiveCfg = Debug|Any CPU
		{49F9E024-9033-4DC6-BEE2-668098C96361}.Debug|Any CPU.Build.0 = Debug|Any CPU
		{49F9E024-9033-4DC6-BEE2-668098C96361}.Release|Any CPU.ActiveCfg = Release|Any CPU
		{49F9E024-9033-4DC6-BEE2-668098C96361}.Release|Any CPU.Build.0 = Release|Any CPU
		{3153BB70-4B83-44AC-9116-39327BF16CB7}.Debug|Any CPU.ActiveCfg = Debug|Any CPU
		{3153BB70-4B83-44AC-9116-39327BF16CB7}.Debug|Any CPU.Build.0 = Debug|Any CPU
		{3153BB70-4B83-44AC-9116-39327BF16CB7}.Release|Any CPU.ActiveCfg = Release|Any CPU
		{3153BB70-4B83-44AC-9116-39327BF16CB7}.Release|Any CPU.Build.0 = Release|Any CPU
		{8E44132E-8DD6-4F70-9283-61163B0313E9}.Debug|Any CPU.ActiveCfg = Debug|Any CPU
		{8E44132E-8DD6-4F70-9283-61163B0313E9}.Debug|Any CPU.Build.0 = Debug|Any CPU
		{8E44132E-8DD6-4F70-9283-61163B0313E9}.Release|Any CPU.ActiveCfg = Release|Any CPU
		{8E44132E-8DD6-4F70-9283-61163B0313E9}.Release|Any CPU.Build.0 = Release|Any CPU
		{2AA4460D-9297-4CBB-8E57-114C2B6B5E6F}.Debug|Any CPU.ActiveCfg = Debug|Any CPU
		{2AA4460D-9297-4CBB-8E57-114C2B6B5E6F}.Debug|Any CPU.Build.0 = Debug|Any CPU
		{2AA4460D-9297-4CBB-8E57-114C2B6B5E6F}.Release|Any CPU.ActiveCfg = Release|Any CPU
		{2AA4460D-9297-4CBB-8E57-114C2B6B5E6F}.Release|Any CPU.Build.0 = Release|Any CPU
		{24C2CE40-0260-483A-B577-31FFA3A4052C}.Debug|Any CPU.ActiveCfg = Debug|Any CPU
		{24C2CE40-0260-483A-B577-31FFA3A4052C}.Debug|Any CPU.Build.0 = Debug|Any CPU
		{24C2CE40-0260-483A-B577-31FFA3A4052C}.Release|Any CPU.ActiveCfg = Release|Any CPU
		{24C2CE40-0260-483A-B577-31FFA3A4052C}.Release|Any CPU.Build.0 = Release|Any CPU
		{F3140014-82F3-4864-840E-B968293618D5}.Debug|Any CPU.ActiveCfg = Debug|Any CPU
		{F3140014-82F3-4864-840E-B968293618D5}.Debug|Any CPU.Build.0 = Debug|Any CPU
		{F3140014-82F3-4864-840E-B968293618D5}.Release|Any CPU.ActiveCfg = Release|Any CPU
		{F3140014-82F3-4864-840E-B968293618D5}.Release|Any CPU.Build.0 = Release|Any CPU
		{D83A4CF5-3592-41EF-B24A-33E11605979F}.Debug|Any CPU.ActiveCfg = Debug|Any CPU
		{D83A4CF5-3592-41EF-B24A-33E11605979F}.Debug|Any CPU.Build.0 = Debug|Any CPU
		{D83A4CF5-3592-41EF-B24A-33E11605979F}.Release|Any CPU.ActiveCfg = Release|Any CPU
		{D83A4CF5-3592-41EF-B24A-33E11605979F}.Release|Any CPU.Build.0 = Release|Any CPU
		{C5884774-3B4A-4767-8BC6-418501699490}.Debug|Any CPU.ActiveCfg = Debug|Any CPU
		{C5884774-3B4A-4767-8BC6-418501699490}.Debug|Any CPU.Build.0 = Debug|Any CPU
		{C5884774-3B4A-4767-8BC6-418501699490}.Release|Any CPU.ActiveCfg = Release|Any CPU
		{C5884774-3B4A-4767-8BC6-418501699490}.Release|Any CPU.Build.0 = Release|Any CPU
		{2BFACDC3-F44D-4199-8498-F5C3C4AC0335}.Debug|Any CPU.ActiveCfg = Debug|Any CPU
		{2BFACDC3-F44D-4199-8498-F5C3C4AC0335}.Debug|Any CPU.Build.0 = Debug|Any CPU
		{2BFACDC3-F44D-4199-8498-F5C3C4AC0335}.Release|Any CPU.ActiveCfg = Release|Any CPU
		{2BFACDC3-F44D-4199-8498-F5C3C4AC0335}.Release|Any CPU.Build.0 = Release|Any CPU
		{E461C0A8-8900-485C-B520-E929BA33F712}.Debug|Any CPU.ActiveCfg = Debug|Any CPU
		{E461C0A8-8900-485C-B520-E929BA33F712}.Debug|Any CPU.Build.0 = Debug|Any CPU
		{E461C0A8-8900-485C-B520-E929BA33F712}.Release|Any CPU.ActiveCfg = Release|Any CPU
		{E461C0A8-8900-485C-B520-E929BA33F712}.Release|Any CPU.Build.0 = Release|Any CPU
		{222D9877-D408-4ADE-8111-9668E6150AFC}.Debug|Any CPU.ActiveCfg = Debug|Any CPU
		{222D9877-D408-4ADE-8111-9668E6150AFC}.Debug|Any CPU.Build.0 = Debug|Any CPU
		{222D9877-D408-4ADE-8111-9668E6150AFC}.Release|Any CPU.ActiveCfg = Release|Any CPU
		{222D9877-D408-4ADE-8111-9668E6150AFC}.Release|Any CPU.Build.0 = Release|Any CPU
		{F5C64415-E2F2-430E-86B3-439C0986A03A}.Debug|Any CPU.ActiveCfg = Debug|Any CPU
		{F5C64415-E2F2-430E-86B3-439C0986A03A}.Debug|Any CPU.Build.0 = Debug|Any CPU
		{F5C64415-E2F2-430E-86B3-439C0986A03A}.Release|Any CPU.ActiveCfg = Release|Any CPU
		{F5C64415-E2F2-430E-86B3-439C0986A03A}.Release|Any CPU.Build.0 = Release|Any CPU
		{85295D8A-EEE9-4997-9F28-62104C104A0A}.Debug|Any CPU.ActiveCfg = Debug|Any CPU
		{85295D8A-EEE9-4997-9F28-62104C104A0A}.Debug|Any CPU.Build.0 = Debug|Any CPU
		{85295D8A-EEE9-4997-9F28-62104C104A0A}.Release|Any CPU.ActiveCfg = Release|Any CPU
		{85295D8A-EEE9-4997-9F28-62104C104A0A}.Release|Any CPU.Build.0 = Release|Any CPU
		{8289E002-4A00-4FF0-BF7C-60A82893394A}.Debug|Any CPU.ActiveCfg = Debug|Any CPU
		{8289E002-4A00-4FF0-BF7C-60A82893394A}.Debug|Any CPU.Build.0 = Debug|Any CPU
		{8289E002-4A00-4FF0-BF7C-60A82893394A}.Release|Any CPU.ActiveCfg = Release|Any CPU
		{8289E002-4A00-4FF0-BF7C-60A82893394A}.Release|Any CPU.Build.0 = Release|Any CPU
		{81289A12-16C5-41E2-9D74-8525688C5197}.Debug|Any CPU.ActiveCfg = Debug|Any CPU
		{81289A12-16C5-41E2-9D74-8525688C5197}.Debug|Any CPU.Build.0 = Debug|Any CPU
		{81289A12-16C5-41E2-9D74-8525688C5197}.Release|Any CPU.ActiveCfg = Release|Any CPU
		{81289A12-16C5-41E2-9D74-8525688C5197}.Release|Any CPU.Build.0 = Release|Any CPU
		{FDC6657E-093D-4FC9-9099-9A7B6CFEB7FE}.Debug|Any CPU.ActiveCfg = Debug|Any CPU
		{FDC6657E-093D-4FC9-9099-9A7B6CFEB7FE}.Debug|Any CPU.Build.0 = Debug|Any CPU
		{FDC6657E-093D-4FC9-9099-9A7B6CFEB7FE}.Release|Any CPU.ActiveCfg = Release|Any CPU
		{FDC6657E-093D-4FC9-9099-9A7B6CFEB7FE}.Release|Any CPU.Build.0 = Release|Any CPU
		{3DB2FB80-07FF-4E06-8CDC-8BDDE63D58E2}.Debug|Any CPU.ActiveCfg = Debug|Any CPU
		{3DB2FB80-07FF-4E06-8CDC-8BDDE63D58E2}.Debug|Any CPU.Build.0 = Debug|Any CPU
		{3DB2FB80-07FF-4E06-8CDC-8BDDE63D58E2}.Release|Any CPU.ActiveCfg = Release|Any CPU
		{3DB2FB80-07FF-4E06-8CDC-8BDDE63D58E2}.Release|Any CPU.Build.0 = Release|Any CPU
		{60882B4C-FBA6-436C-82A7-163EA017AA89}.Debug|Any CPU.ActiveCfg = Debug|Any CPU
		{60882B4C-FBA6-436C-82A7-163EA017AA89}.Debug|Any CPU.Build.0 = Debug|Any CPU
		{60882B4C-FBA6-436C-82A7-163EA017AA89}.Release|Any CPU.ActiveCfg = Release|Any CPU
		{60882B4C-FBA6-436C-82A7-163EA017AA89}.Release|Any CPU.Build.0 = Release|Any CPU
		{D8EC0F16-D80E-45B0-882E-3632080B4206}.Debug|Any CPU.ActiveCfg = Debug|Any CPU
		{D8EC0F16-D80E-45B0-882E-3632080B4206}.Debug|Any CPU.Build.0 = Debug|Any CPU
		{D8EC0F16-D80E-45B0-882E-3632080B4206}.Release|Any CPU.ActiveCfg = Release|Any CPU
		{D8EC0F16-D80E-45B0-882E-3632080B4206}.Release|Any CPU.Build.0 = Release|Any CPU
		{2FDA4271-1C9D-4A08-8C9D-D361A972D573}.Debug|Any CPU.ActiveCfg = Debug|Any CPU
		{2FDA4271-1C9D-4A08-8C9D-D361A972D573}.Debug|Any CPU.Build.0 = Debug|Any CPU
		{2FDA4271-1C9D-4A08-8C9D-D361A972D573}.Release|Any CPU.ActiveCfg = Release|Any CPU
		{2FDA4271-1C9D-4A08-8C9D-D361A972D573}.Release|Any CPU.Build.0 = Release|Any CPU
		{AFB4BD58-4448-48F6-A648-986D225018F2}.Debug|Any CPU.ActiveCfg = Debug|Any CPU
		{AFB4BD58-4448-48F6-A648-986D225018F2}.Debug|Any CPU.Build.0 = Debug|Any CPU
		{AFB4BD58-4448-48F6-A648-986D225018F2}.Release|Any CPU.ActiveCfg = Release|Any CPU
		{AFB4BD58-4448-48F6-A648-986D225018F2}.Release|Any CPU.Build.0 = Release|Any CPU
		{F37B6628-792E-4594-9B58-3D30C7590486}.Debug|Any CPU.ActiveCfg = Debug|Any CPU
		{F37B6628-792E-4594-9B58-3D30C7590486}.Debug|Any CPU.Build.0 = Debug|Any CPU
		{F37B6628-792E-4594-9B58-3D30C7590486}.Release|Any CPU.ActiveCfg = Release|Any CPU
		{F37B6628-792E-4594-9B58-3D30C7590486}.Release|Any CPU.Build.0 = Release|Any CPU
		{9EC0DD24-EBC9-4FBA-B257-BD0CEEE53E49}.Debug|Any CPU.ActiveCfg = Debug|Any CPU
		{9EC0DD24-EBC9-4FBA-B257-BD0CEEE53E49}.Debug|Any CPU.Build.0 = Debug|Any CPU
		{9EC0DD24-EBC9-4FBA-B257-BD0CEEE53E49}.Release|Any CPU.ActiveCfg = Release|Any CPU
		{9EC0DD24-EBC9-4FBA-B257-BD0CEEE53E49}.Release|Any CPU.Build.0 = Release|Any CPU
		{B7362984-2F2A-48BD-A3B8-2EAC5D821AF1}.Debug|Any CPU.ActiveCfg = Debug|Any CPU
		{B7362984-2F2A-48BD-A3B8-2EAC5D821AF1}.Debug|Any CPU.Build.0 = Debug|Any CPU
		{B7362984-2F2A-48BD-A3B8-2EAC5D821AF1}.Release|Any CPU.ActiveCfg = Release|Any CPU
		{B7362984-2F2A-48BD-A3B8-2EAC5D821AF1}.Release|Any CPU.Build.0 = Release|Any CPU
		{79FE56E3-8BC9-481C-ABB1-056F9D3267F1}.Debug|Any CPU.ActiveCfg = Debug|Any CPU
		{79FE56E3-8BC9-481C-ABB1-056F9D3267F1}.Debug|Any CPU.Build.0 = Debug|Any CPU
		{79FE56E3-8BC9-481C-ABB1-056F9D3267F1}.Release|Any CPU.ActiveCfg = Release|Any CPU
		{79FE56E3-8BC9-481C-ABB1-056F9D3267F1}.Release|Any CPU.Build.0 = Release|Any CPU
		{9C81A502-2794-425C-B964-903BF0845E54}.Debug|Any CPU.ActiveCfg = Debug|Any CPU
		{9C81A502-2794-425C-B964-903BF0845E54}.Debug|Any CPU.Build.0 = Debug|Any CPU
		{9C81A502-2794-425C-B964-903BF0845E54}.Release|Any CPU.ActiveCfg = Release|Any CPU
		{9C81A502-2794-425C-B964-903BF0845E54}.Release|Any CPU.Build.0 = Release|Any CPU
		{541E6085-85DA-4CDA-8E01-A1ECE82CFFA2}.Debug|Any CPU.ActiveCfg = Debug|Any CPU
		{541E6085-85DA-4CDA-8E01-A1ECE82CFFA2}.Debug|Any CPU.Build.0 = Debug|Any CPU
		{541E6085-85DA-4CDA-8E01-A1ECE82CFFA2}.Release|Any CPU.ActiveCfg = Release|Any CPU
		{541E6085-85DA-4CDA-8E01-A1ECE82CFFA2}.Release|Any CPU.Build.0 = Release|Any CPU
		{C9060C30-098F-4CE2-9C0A-8B668A86392F}.Debug|Any CPU.ActiveCfg = Debug|Any CPU
		{C9060C30-098F-4CE2-9C0A-8B668A86392F}.Debug|Any CPU.Build.0 = Debug|Any CPU
		{C9060C30-098F-4CE2-9C0A-8B668A86392F}.Release|Any CPU.ActiveCfg = Release|Any CPU
		{C9060C30-098F-4CE2-9C0A-8B668A86392F}.Release|Any CPU.Build.0 = Release|Any CPU
		{555A3AA0-F2B1-4498-8F30-DCA729865260}.Debug|Any CPU.ActiveCfg = Debug|Any CPU
		{555A3AA0-F2B1-4498-8F30-DCA729865260}.Debug|Any CPU.Build.0 = Debug|Any CPU
		{555A3AA0-F2B1-4498-8F30-DCA729865260}.Release|Any CPU.ActiveCfg = Release|Any CPU
		{555A3AA0-F2B1-4498-8F30-DCA729865260}.Release|Any CPU.Build.0 = Release|Any CPU
		{1DE6512D-780B-40C8-9109-4580019A6D6A}.Debug|Any CPU.ActiveCfg = Debug|Any CPU
		{1DE6512D-780B-40C8-9109-4580019A6D6A}.Debug|Any CPU.Build.0 = Debug|Any CPU
		{1DE6512D-780B-40C8-9109-4580019A6D6A}.Release|Any CPU.ActiveCfg = Release|Any CPU
		{1DE6512D-780B-40C8-9109-4580019A6D6A}.Release|Any CPU.Build.0 = Release|Any CPU
		{EBFEF747-D2A0-46AB-A205-48FFABEF41D0}.Debug|Any CPU.ActiveCfg = Debug|Any CPU
		{EBFEF747-D2A0-46AB-A205-48FFABEF41D0}.Debug|Any CPU.Build.0 = Debug|Any CPU
		{EBFEF747-D2A0-46AB-A205-48FFABEF41D0}.Release|Any CPU.ActiveCfg = Release|Any CPU
		{EBFEF747-D2A0-46AB-A205-48FFABEF41D0}.Release|Any CPU.Build.0 = Release|Any CPU
		{2FBBCD11-AE00-4E07-BAE9-56CC01E246E5}.Debug|Any CPU.ActiveCfg = Debug|Any CPU
		{2FBBCD11-AE00-4E07-BAE9-56CC01E246E5}.Debug|Any CPU.Build.0 = Debug|Any CPU
		{2FBBCD11-AE00-4E07-BAE9-56CC01E246E5}.Release|Any CPU.ActiveCfg = Release|Any CPU
		{2FBBCD11-AE00-4E07-BAE9-56CC01E246E5}.Release|Any CPU.Build.0 = Release|Any CPU
		{F8C5A5E4-3209-4349-A484-9373B2C88308}.Debug|Any CPU.ActiveCfg = Debug|Any CPU
		{F8C5A5E4-3209-4349-A484-9373B2C88308}.Debug|Any CPU.Build.0 = Debug|Any CPU
		{F8C5A5E4-3209-4349-A484-9373B2C88308}.Release|Any CPU.ActiveCfg = Release|Any CPU
		{F8C5A5E4-3209-4349-A484-9373B2C88308}.Release|Any CPU.Build.0 = Release|Any CPU
	EndGlobalSection
	GlobalSection(SolutionProperties) = preSolution
		HideSolutionNode = FALSE
	EndGlobalSection
	GlobalSection(NestedProjects) = preSolution
		{8DBFB5E9-5082-4EA4-B7AA-6F227CAADDCB} = {4B31741C-80A9-4AD2-83BA-EB37CF2D9179}
		{23F93CA3-765A-4D05-95DF-AAB2685751A2} = {4B31741C-80A9-4AD2-83BA-EB37CF2D9179}
		{49F9E024-9033-4DC6-BEE2-668098C96361} = {1B008DB8-7831-46CE-9DF9-664B329C4BF2}
		{1B008DB8-7831-46CE-9DF9-664B329C4BF2} = {4B31741C-80A9-4AD2-83BA-EB37CF2D9179}
		{3153BB70-4B83-44AC-9116-39327BF16CB7} = {1B008DB8-7831-46CE-9DF9-664B329C4BF2}
		{8E44132E-8DD6-4F70-9283-61163B0313E9} = {1B008DB8-7831-46CE-9DF9-664B329C4BF2}
		{2AA4460D-9297-4CBB-8E57-114C2B6B5E6F} = {32D5B90C-2297-4F65-A809-80E252E20A59}
		{24C2CE40-0260-483A-B577-31FFA3A4052C} = {98F6CA93-0EB1-47AF-A39D-F82A836FE6E9}
		{F3140014-82F3-4864-840E-B968293618D5} = {7C65D176-3FCB-4219-94C9-9C16E63A2C1B}
		{7C65D176-3FCB-4219-94C9-9C16E63A2C1B} = {98F6CA93-0EB1-47AF-A39D-F82A836FE6E9}
		{D83A4CF5-3592-41EF-B24A-33E11605979F} = {7C65D176-3FCB-4219-94C9-9C16E63A2C1B}
		{C5884774-3B4A-4767-8BC6-418501699490} = {D753D51E-32D4-4755-84CF-FBDBACEC59EE}
		{2BFACDC3-F44D-4199-8498-F5C3C4AC0335} = {646D0A45-4677-4E44-A1A8-759B1E5DD4AE}
		{E461C0A8-8900-485C-B520-E929BA33F712} = {646D0A45-4677-4E44-A1A8-759B1E5DD4AE}
		{222D9877-D408-4ADE-8111-9668E6150AFC} = {D753D51E-32D4-4755-84CF-FBDBACEC59EE}
		{F5C64415-E2F2-430E-86B3-439C0986A03A} = {D753D51E-32D4-4755-84CF-FBDBACEC59EE}
		{85295D8A-EEE9-4997-9F28-62104C104A0A} = {E555DBE3-E42F-46F3-9771-373F31349840}
		{8289E002-4A00-4FF0-BF7C-60A82893394A} = {C015A066-C9FE-4DD8-B437-9F0FF232B056}
		{C015A066-C9FE-4DD8-B437-9F0FF232B056} = {E555DBE3-E42F-46F3-9771-373F31349840}
		{81289A12-16C5-41E2-9D74-8525688C5197} = {C015A066-C9FE-4DD8-B437-9F0FF232B056}
		{FDC6657E-093D-4FC9-9099-9A7B6CFEB7FE} = {40F67343-53F5-4EA1-85B2-B35438241BDC}
		{3DB2FB80-07FF-4E06-8CDC-8BDDE63D58E2} = {83D96B1B-4D45-4182-8A9E-0984D329BAD2}
		{5527D1C0-259B-44CC-B7FB-490E0AD93CEF} = {83D96B1B-4D45-4182-8A9E-0984D329BAD2}
		{60882B4C-FBA6-436C-82A7-163EA017AA89} = {5527D1C0-259B-44CC-B7FB-490E0AD93CEF}
		{D8EC0F16-D80E-45B0-882E-3632080B4206} = {5527D1C0-259B-44CC-B7FB-490E0AD93CEF}
		{2FDA4271-1C9D-4A08-8C9D-D361A972D573} = {F5799AFD-6831-40C9-8659-483DE4BACB72}
		{AFB4BD58-4448-48F6-A648-986D225018F2} = {90AA0183-026E-4A0A-B452-553058DCC073}
		{F37B6628-792E-4594-9B58-3D30C7590486} = {90AA0183-026E-4A0A-B452-553058DCC073}
		{9EC0DD24-EBC9-4FBA-B257-BD0CEEE53E49} = {90AA0183-026E-4A0A-B452-553058DCC073}
		{79FE56E3-8BC9-481C-ABB1-056F9D3267F1} = {D9D4D77E-61EF-4DA4-9A27-8B91E637581E}
		{9C81A502-2794-425C-B964-903BF0845E54} = {D9D4D77E-61EF-4DA4-9A27-8B91E637581E}
		{541E6085-85DA-4CDA-8E01-A1ECE82CFFA2} = {D9D4D77E-61EF-4DA4-9A27-8B91E637581E}
		{C9060C30-098F-4CE2-9C0A-8B668A86392F} = {0E31B0E3-E2B0-4E05-94F8-6C2B2DCB2ED4}
		{555A3AA0-F2B1-4498-8F30-DCA729865260} = {B1160FDD-F9B9-4848-BE07-631DA1091B74}
		{1DE6512D-780B-40C8-9109-4580019A6D6A} = {37389A4C-0F2B-43E1-836D-1FDF589958A6}
		{EBFEF747-D2A0-46AB-A205-48FFABEF41D0} = {0E31B0E3-E2B0-4E05-94F8-6C2B2DCB2ED4}
		{2FBBCD11-AE00-4E07-BAE9-56CC01E246E5} = {5BA5E6D0-8B2B-424E-BE74-BF73E15EA93E}
		{F8C5A5E4-3209-4349-A484-9373B2C88308} = {C2CCF91F-536B-47E9-95DC-594A5141F5EF}
	EndGlobalSection
	GlobalSection(ExtensibilityGlobals) = postSolution
		SolutionGuid = {4A51FCBD-E7D8-494C-9587-1C62A44B9232}
	EndGlobalSection
EndGlobal
