
Microsoft Visual Studio Solution File, Format Version 12.00
# Visual Studio Version 16
VisualStudioVersion = 16.0.31112.23
MinimumVisualStudioVersion = 10.0.40219.1
Project("{2150E333-8FDC-42A3-9474-1A3956D46DE8}") = "Chapter02", "Chapter02", "{4B31741C-80A9-4AD2-83BA-EB37CF2D9179}"
EndProject
Project("{FAE04EC0-301F-11D3-BF4B-00C04F79EFBC}") = "DistanceConverter", "DistanceConverter\DistanceConverter.csproj", "{8DBFB5E9-5082-4EA4-B7AA-6F227CAADDCB}"
EndProject
Project("{FAE04EC0-301F-11D3-BF4B-00C04F79EFBC}") = "SalesCalculator", "SalesCalculator\SalesCalculator.csproj", "{23F93CA3-765A-4D05-95DF-AAB2685751A2}"
EndProject
Project("{FAE04EC0-301F-11D3-BF4B-00C04F79EFBC}") = "Exercise1", "Exercise1\Exercise1.csproj", "{49F9E024-9033-4DC6-BEE2-668098C96361}"
EndProject
Project("{2150E333-8FDC-42A3-9474-1A3956D46DE8}") = "Exercise", "Exercise", "{1B008DB8-7831-46CE-9DF9-664B329C4BF2}"
EndProject
Project("{FAE04EC0-301F-11D3-BF4B-00C04F79EFBC}") = "Exercise2", "Exercise2\Exercise2.csproj", "{3153BB70-4B83-44AC-9116-39327BF16CB7}"
EndProject
Project("{FAE04EC0-301F-11D3-BF4B-00C04F79EFBC}") = "Exercise3", "Exercise3\Exercise3.csproj", "{8E44132E-8DD6-4F70-9283-61163B0313E9}"
EndProject
Project("{2150E333-8FDC-42A3-9474-1A3956D46DE8}") = "Chapter03", "Chapter03", "{32D5B90C-2297-4F65-A809-80E252E20A59}"
EndProject
Project("{FAE04EC0-301F-11D3-BF4B-00C04F79EFBC}") = "Section01", "Section01\Section01.csproj", "{2AA4460D-9297-4CBB-8E57-114C2B6B5E6F}"
EndProject
Project("{FAE04EC0-301F-11D3-BF4B-00C04F79EFBC}") = "Section01", "Chapter04\Section01\Section01.csproj", "{24C2CE40-0260-483A-B577-31FFA3A4052C}"
EndProject
Project("{2150E333-8FDC-42A3-9474-1A3956D46DE8}") = "Chapter04", "Chapter04", "{98F6CA93-0EB1-47AF-A39D-F82A836FE6E9}"
EndProject
Project("{FAE04EC0-301F-11D3-BF4B-00C04F79EFBC}") = "Exercise1", "Chapter04\Exercise\Exercise1\Exercise1.csproj", "{F3140014-82F3-4864-840E-B968293618D5}"
EndProject
Project("{2150E333-8FDC-42A3-9474-1A3956D46DE8}") = "Exercise", "Exercise", "{7C65D176-3FCB-4219-94C9-9C16E63A2C1B}"
EndProject
Project("{FAE04EC0-301F-11D3-BF4B-00C04F79EFBC}") = "Exercise2", "Chapter04\Exercise\Exercise2\Exercise2.csproj", "{D83A4CF5-3592-41EF-B24A-33E11605979F}"
EndProject
Project("{FAE04EC0-301F-11D3-BF4B-00C04F79EFBC}") = "Exercise1", "Chapter05\Exercise1\Exercise1.csproj", "{C5884774-3B4A-4767-8BC6-418501699490}"
EndProject
Project("{2150E333-8FDC-42A3-9474-1A3956D46DE8}") = "Chapter05", "Chapter05", "{D753D51E-32D4-4755-84CF-FBDBACEC59EE}"
EndProject
Global
	GlobalSection(SolutionConfigurationPlatforms) = preSolution
		Debug|Any CPU = Debug|Any CPU
		Release|Any CPU = Release|Any CPU
	EndGlobalSection
	GlobalSection(ProjectConfigurationPlatforms) = postSolution
		{8DBFB5E9-5082-4EA4-B7AA-6F227CAADDCB}.Debug|Any CPU.ActiveCfg = Debug|Any CPU
		{8DBFB5E9-5082-4EA4-B7AA-6F227CAADDCB}.Debug|Any CPU.Build.0 = Debug|Any CPU
		{8DBFB5E9-5082-4EA4-B7AA-6F227CAADDCB}.Release|Any CPU.ActiveCfg = Release|Any CPU
		{8DBFB5E9-5082-4EA4-B7AA-6F227CAADDCB}.Release|Any CPU.Build.0 = Release|Any CPU
		{23F93CA3-765A-4D05-95DF-AAB2685751A2}.Debug|Any CPU.ActiveCfg = Debug|Any CPU
		{23F93CA3-765A-4D05-95DF-AAB2685751A2}.Debug|Any CPU.Build.0 = Debug|Any CPU
		{23F93CA3-765A-4D05-95DF-AAB2685751A2}.Release|Any CPU.ActiveCfg = Release|Any CPU
		{23F93CA3-765A-4D05-95DF-AAB2685751A2}.Release|Any CPU.Build.0 = Release|Any CPU
		{49F9E024-9033-4DC6-BEE2-668098C96361}.Debug|Any CPU.ActiveCfg = Debug|Any CPU
		{49F9E024-9033-4DC6-BEE2-668098C96361}.Debug|Any CPU.Build.0 = Debug|Any CPU
		{49F9E024-9033-4DC6-BEE2-668098C96361}.Release|Any CPU.ActiveCfg = Release|Any CPU
		{49F9E024-9033-4DC6-BEE2-668098C96361}.Release|Any CPU.Build.0 = Release|Any CPU
		{3153BB70-4B83-44AC-9116-39327BF16CB7}.Debug|Any CPU.ActiveCfg = Debug|Any CPU
		{3153BB70-4B83-44AC-9116-39327BF16CB7}.Debug|Any CPU.Build.0 = Debug|Any CPU
		{3153BB70-4B83-44AC-9116-39327BF16CB7}.Release|Any CPU.ActiveCfg = Release|Any CPU
		{3153BB70-4B83-44AC-9116-39327BF16CB7}.Release|Any CPU.Build.0 = Release|Any CPU
		{8E44132E-8DD6-4F70-9283-61163B0313E9}.Debug|Any CPU.ActiveCfg = Debug|Any CPU
		{8E44132E-8DD6-4F70-9283-61163B0313E9}.Debug|Any CPU.Build.0 = Debug|Any CPU
		{8E44132E-8DD6-4F70-9283-61163B0313E9}.Release|Any CPU.ActiveCfg = Release|Any CPU
		{8E44132E-8DD6-4F70-9283-61163B0313E9}.Release|Any CPU.Build.0 = Release|Any CPU
		{2AA4460D-9297-4CBB-8E57-114C2B6B5E6F}.Debug|Any CPU.ActiveCfg = Debug|Any CPU
		{2AA4460D-9297-4CBB-8E57-114C2B6B5E6F}.Debug|Any CPU.Build.0 = Debug|Any CPU
		{2AA4460D-9297-4CBB-8E57-114C2B6B5E6F}.Release|Any CPU.ActiveCfg = Release|Any CPU
		{2AA4460D-9297-4CBB-8E57-114C2B6B5E6F}.Release|Any CPU.Build.0 = Release|Any CPU
		{24C2CE40-0260-483A-B577-31FFA3A4052C}.Debug|Any CPU.ActiveCfg = Debug|Any CPU
		{24C2CE40-0260-483A-B577-31FFA3A4052C}.Debug|Any CPU.Build.0 = Debug|Any CPU
		{24C2CE40-0260-483A-B577-31FFA3A4052C}.Release|Any CPU.ActiveCfg = Release|Any CPU
		{24C2CE40-0260-483A-B577-31FFA3A4052C}.Release|Any CPU.Build.0 = Release|Any CPU
		{F3140014-82F3-4864-840E-B968293618D5}.Debug|Any CPU.ActiveCfg = Debug|Any CPU
		{F3140014-82F3-4864-840E-B968293618D5}.Debug|Any CPU.Build.0 = Debug|Any CPU
		{F3140014-82F3-4864-840E-B968293618D5}.Release|Any CPU.ActiveCfg = Release|Any CPU
		{F3140014-82F3-4864-840E-B968293618D5}.Release|Any CPU.Build.0 = Release|Any CPU
		{D83A4CF5-3592-41EF-B24A-33E11605979F}.Debug|Any CPU.ActiveCfg = Debug|Any CPU
		{D83A4CF5-3592-41EF-B24A-33E11605979F}.Debug|Any CPU.Build.0 = Debug|Any CPU
		{D83A4CF5-3592-41EF-B24A-33E11605979F}.Release|Any CPU.ActiveCfg = Release|Any CPU
		{D83A4CF5-3592-41EF-B24A-33E11605979F}.Release|Any CPU.Build.0 = Release|Any CPU
		{C5884774-3B4A-4767-8BC6-418501699490}.Debug|Any CPU.ActiveCfg = Debug|Any CPU
		{C5884774-3B4A-4767-8BC6-418501699490}.Debug|Any CPU.Build.0 = Debug|Any CPU
		{C5884774-3B4A-4767-8BC6-418501699490}.Release|Any CPU.ActiveCfg = Release|Any CPU
		{C5884774-3B4A-4767-8BC6-418501699490}.Release|Any CPU.Build.0 = Release|Any CPU
	EndGlobalSection
	GlobalSection(SolutionProperties) = preSolution
		HideSolutionNode = FALSE
	EndGlobalSection
	GlobalSection(NestedProjects) = preSolution
		{8DBFB5E9-5082-4EA4-B7AA-6F227CAADDCB} = {4B31741C-80A9-4AD2-83BA-EB37CF2D9179}
		{23F93CA3-765A-4D05-95DF-AAB2685751A2} = {4B31741C-80A9-4AD2-83BA-EB37CF2D9179}
		{49F9E024-9033-4DC6-BEE2-668098C96361} = {1B008DB8-7831-46CE-9DF9-664B329C4BF2}
		{1B008DB8-7831-46CE-9DF9-664B329C4BF2} = {4B31741C-80A9-4AD2-83BA-EB37CF2D9179}
		{3153BB70-4B83-44AC-9116-39327BF16CB7} = {1B008DB8-7831-46CE-9DF9-664B329C4BF2}
		{8E44132E-8DD6-4F70-9283-61163B0313E9} = {1B008DB8-7831-46CE-9DF9-664B329C4BF2}
		{2AA4460D-9297-4CBB-8E57-114C2B6B5E6F} = {32D5B90C-2297-4F65-A809-80E252E20A59}
		{24C2CE40-0260-483A-B577-31FFA3A4052C} = {98F6CA93-0EB1-47AF-A39D-F82A836FE6E9}
		{F3140014-82F3-4864-840E-B968293618D5} = {7C65D176-3FCB-4219-94C9-9C16E63A2C1B}
		{7C65D176-3FCB-4219-94C9-9C16E63A2C1B} = {98F6CA93-0EB1-47AF-A39D-F82A836FE6E9}
		{D83A4CF5-3592-41EF-B24A-33E11605979F} = {7C65D176-3FCB-4219-94C9-9C16E63A2C1B}
		{C5884774-3B4A-4767-8BC6-418501699490} = {D753D51E-32D4-4755-84CF-FBDBACEC59EE}
	EndGlobalSection
	GlobalSection(ExtensibilityGlobals) = postSolution
		SolutionGuid = {4A51FCBD-E7D8-494C-9587-1C62A44B9232}
	EndGlobalSection
EndGlobal
